// !$*UTF8*$!
{
	archiveVersion = 1;
	classes = {
	};
	objectVersion = 46;
	objects = {

/* Begin PBXBuildFile section */
		2C33CA381C8F16D500354481 /* AppDelegate.swift in Sources */ = {isa = PBXBuildFile; fileRef = 2C33CA371C8F16D500354481 /* AppDelegate.swift */; };
		2C33CA3A1C8F16D500354481 /* ViewController.swift in Sources */ = {isa = PBXBuildFile; fileRef = 2C33CA391C8F16D500354481 /* ViewController.swift */; };
		2C33CA3D1C8F16D500354481 /* Main.storyboard in Resources */ = {isa = PBXBuildFile; fileRef = 2C33CA3B1C8F16D500354481 /* Main.storyboard */; };
		2C33CA3F1C8F16D500354481 /* Assets.xcassets in Resources */ = {isa = PBXBuildFile; fileRef = 2C33CA3E1C8F16D500354481 /* Assets.xcassets */; };
		2C33CA421C8F16D500354481 /* LaunchScreen.storyboard in Resources */ = {isa = PBXBuildFile; fileRef = 2C33CA401C8F16D500354481 /* LaunchScreen.storyboard */; };
/* End PBXBuildFile section */

/* Begin PBXFileReference section */
		2C33CA341C8F16D500354481 /* Moving in Madrid.app */ = {isa = PBXFileReference; explicitFileType = wrapper.application; includeInIndex = 0; path = "Moving in Madrid.app"; sourceTree = BUILT_PRODUCTS_DIR; };
		2C33CA371C8F16D500354481 /* AppDelegate.swift */ = {isa = PBXFileReference; lastKnownFileType = sourcecode.swift; path = AppDelegate.swift; sourceTree = "<group>"; };
		2C33CA391C8F16D500354481 /* ViewController.swift */ = {isa = PBXFileReference; lastKnownFileType = sourcecode.swift; path = ViewController.swift; sourceTree = "<group>"; };
		2C33CA3C1C8F16D500354481 /* Base */ = {isa = PBXFileReference; lastKnownFileType = file.storyboard; name = Base; path = Base.lproj/Main.storyboard; sourceTree = "<group>"; };
		2C33CA3E1C8F16D500354481 /* Assets.xcassets */ = {isa = PBXFileReference; lastKnownFileType = folder.assetcatalog; path = Assets.xcassets; sourceTree = "<group>"; };
		2C33CA411C8F16D500354481 /* Base */ = {isa = PBXFileReference; lastKnownFileType = file.storyboard; name = Base; path = Base.lproj/LaunchScreen.storyboard; sourceTree = "<group>"; };
		2C33CA431C8F16D500354481 /* Info.plist */ = {isa = PBXFileReference; lastKnownFileType = text.plist.xml; path = Info.plist; sourceTree = "<group>"; };
/* End PBXFileReference section */

/* Begin PBXFrameworksBuildPhase section */
		2C33CA311C8F16D500354481 /* Frameworks */ = {
			isa = PBXFrameworksBuildPhase;
			buildActionMask = 2147483647;
			files = (
			);
			runOnlyForDeploymentPostprocessing = 0;
		};
/* End PBXFrameworksBuildPhase section */

/* Begin PBXGroup section */
		2C33CA2B1C8F16D500354481 = {
			isa = PBXGroup;
			children = (
				2C33CA361C8F16D500354481 /* Moving in Madrid */,
				2C33CA351C8F16D500354481 /* Products */,
			);
			sourceTree = "<group>";
		};
		2C33CA351C8F16D500354481 /* Products */ = {
			isa = PBXGroup;
			children = (
				2C33CA341C8F16D500354481 /* Moving in Madrid.app */,
			);
			name = Products;
			sourceTree = "<group>";
		};
		2C33CA361C8F16D500354481 /* Moving in Madrid */ = {
			isa = PBXGroup;
			children = (
				2C33CA371C8F16D500354481 /* AppDelegate.swift */,
				2C33CA391C8F16D500354481 /* ViewController.swift */,
				2C33CA3B1C8F16D500354481 /* Main.storyboard */,
				2C33CA3E1C8F16D500354481 /* Assets.xcassets */,
				2C33CA401C8F16D500354481 /* LaunchScreen.storyboard */,
				2C33CA431C8F16D500354481 /* Info.plist */,
			);
			path = "Moving in Madrid";
			sourceTree = "<group>";
		};
/* End PBXGroup section */

/* Begin PBXNativeTarget section */
		2C33CA331C8F16D500354481 /* Moving in Madrid */ = {
			isa = PBXNativeTarget;
			buildConfigurationList = 2C33CA461C8F16D500354481 /* Build configuration list for PBXNativeTarget "Moving in Madrid" */;
			buildPhases = (
				2C33CA301C8F16D500354481 /* Sources */,
				2C33CA311C8F16D500354481 /* Frameworks */,
				2C33CA321C8F16D500354481 /* Resources */,
			);
			buildRules = (
			);
			dependencies = (
			);
			name = "Moving in Madrid";
			productName = "Moving in Madrid";
			productReference = 2C33CA341C8F16D500354481 /* Moving in Madrid.app */;
			productType = "com.apple.product-type.application";
		};
/* End PBXNativeTarget section */

/* Begin PBXProject section */
		2C33CA2C1C8F16D500354481 /* Project object */ = {
			isa = PBXProject;
			attributes = {
				LastSwiftUpdateCheck = 0720;
				LastUpgradeCheck = 0720;
				ORGANIZATIONNAME = "Imanol Viana Sánchez";
				TargetAttributes = {
					2C33CA331C8F16D500354481 = {
						CreatedOnToolsVersion = 7.2.1;
						DevelopmentTeam = 7E7X266QQ9;
					};
				};
			};
			buildConfigurationList = 2C33CA2F1C8F16D500354481 /* Build configuration list for PBXProject "Moving in Madrid" */;
			compatibilityVersion = "Xcode 3.2";
			developmentRegion = English;
			hasScannedForEncodings = 0;
			knownRegions = (
				en,
				Base,
			);
			mainGroup = 2C33CA2B1C8F16D500354481;
			productRefGroup = 2C33CA351C8F16D500354481 /* Products */;
			projectDirPath = "";
			projectRoot = "";
			targets = (
				2C33CA331C8F16D500354481 /* Moving in Madrid */,
			);
		};
/* End PBXProject section */

/* Begin PBXResourcesBuildPhase section */
		2C33CA321C8F16D500354481 /* Resources */ = {
			isa = PBXResourcesBuildPhase;
			buildActionMask = 2147483647;
			files = (
				2C33CA421C8F16D500354481 /* LaunchScreen.storyboard in Resources */,
				2C33CA3F1C8F16D500354481 /* Assets.xcassets in Resources */,
				2C33CA3D1C8F16D500354481 /* Main.storyboard in Resources */,
			);
			runOnlyForDeploymentPostprocessing = 0;
		};
/* End PBXResourcesBuildPhase section */

/* Begin PBXSourcesBuildPhase section */
		2C33CA301C8F16D500354481 /* Sources */ = {
			isa = PBXSourcesBuildPhase;
			buildActionMask = 2147483647;
			files = (
				2C33CA3A1C8F16D500354481 /* ViewController.swift in Sources */,
				2C33CA381C8F16D500354481 /* AppDelegate.swift in Sources */,
			);
			runOnlyForDeploymentPostprocessing = 0;
		};
/* End PBXSourcesBuildPhase section */

/* Begin PBXVariantGroup section */
		2C33CA3B1C8F16D500354481 /* Main.storyboard */ = {
			isa = PBXVariantGroup;
			children = (
				2C33CA3C1C8F16D500354481 /* Base */,
			);
			name = Main.storyboard;
			sourceTree = "<group>";
		};
		2C33CA401C8F16D500354481 /* LaunchScreen.storyboard */ = {
			isa = PBXVariantGroup;
			children = (
				2C33CA411C8F16D500354481 /* Base */,
			);
			name = LaunchScreen.storyboard;
			sourceTree = "<group>";
		};
/* End PBXVariantGroup section */

/* Begin XCBuildConfiguration section */
		2C33CA441C8F16D500354481 /* Debug */ = {
			isa = XCBuildConfiguration;
			buildSettings = {
				ALWAYS_SEARCH_USER_PATHS = NO;
				CLANG_CXX_LANGUAGE_STANDARD = "gnu++0x";
				CLANG_CXX_LIBRARY = "libc++";
				CLANG_ENABLE_MODULES = YES;
				CLANG_ENABLE_OBJC_ARC = YES;
				CLANG_WARN_BOOL_CONVERSION = YES;
				CLANG_WARN_CONSTANT_CONVERSION = YES;
				CLANG_WARN_DIRECT_OBJC_ISA_USAGE = YES_ERROR;
				CLANG_WARN_EMPTY_BODY = YES;
				CLANG_WARN_ENUM_CONVERSION = YES;
				CLANG_WARN_INT_CONVERSION = YES;
				CLANG_WARN_OBJC_ROOT_CLASS = YES_ERROR;
				CLANG_WARN_UNREACHABLE_CODE = YES;
				CLANG_WARN__DUPLICATE_METHOD_MATCH = YES;
				"CODE_SIGN_IDENTITY[sdk=iphoneos*]" = "iPhone Developer";
				COPY_PHASE_STRIP = NO;
				DEBUG_INFORMATION_FORMAT = dwarf;
				ENABLE_STRICT_OBJC_MSGSEND = YES;
				ENABLE_TESTABILITY = YES;
				GCC_C_LANGUAGE_STANDARD = gnu99;
				GCC_DYNAMIC_NO_PIC = NO;
				GCC_NO_COMMON_BLOCKS = YES;
				GCC_OPTIMIZATION_LEVEL = 0;
				GCC_PREPROCESSOR_DEFINITIONS = (
					"DEBUG=1",
					"$(inherited)",
				);
				GCC_WARN_64_TO_32_BIT_CONVERSION = YES;
				GCC_WARN_ABOUT_RETURN_TYPE = YES_ERROR;
				GCC_WARN_UNDECLARED_SELECTOR = YES;
				GCC_WARN_UNINITIALIZED_AUTOS = YES_AGGRESSIVE;
				GCC_WARN_UNUSED_FUNCTION = YES;
				GCC_WARN_UNUSED_VARIABLE = YES;
				IPHONEOS_DEPLOYMENT_TARGET = 9.2;
				MTL_ENABLE_DEBUG_INFO = YES;
				ONLY_ACTIVE_ARCH = YES;
				SDKROOT = iphoneos;
				SWIFT_OPTIMIZATION_LEVEL = "-Onone";
			};
			name = Debug;
		};
		2C33CA451C8F16D500354481 /* Release */ = {
			isa = XCBuildConfiguration;
			buildSettings = {
				ALWAYS_SEARCH_USER_PATHS = NO;
				CLANG_CXX_LANGUAGE_STANDARD = "gnu++0x";
				CLANG_CXX_LIBRARY = "libc++";
				CLANG_ENABLE_MODULES = YES;
				CLANG_ENABLE_OBJC_ARC = YES;
				CLANG_WARN_BOOL_CONVERSION = YES;
				CLANG_WARN_CONSTANT_CONVERSION = YES;
				CLANG_WARN_DIRECT_OBJC_ISA_USAGE = YES_ERROR;
				CLANG_WARN_EMPTY_BODY = YES;
				CLANG_WARN_ENUM_CONVERSION = YES;
				CLANG_WARN_INT_CONVERSION = YES;
				CLANG_WARN_OBJC_ROOT_CLASS = YES_ERROR;
				CLANG_WARN_UNREACHABLE_CODE = YES;
				CLANG_WARN__DUPLICATE_METHOD_MATCH = YES;
				"CODE_SIGN_IDENTITY[sdk=iphoneos*]" = "iPhone Developer";
				COPY_PHASE_STRIP = NO;
				DEBUG_INFORMATION_FORMAT = "dwarf-with-dsym";
				ENABLE_NS_ASSERTIONS = NO;
				ENABLE_STRICT_OBJC_MSGSEND = YES;
				GCC_C_LANGUAGE_STANDARD = gnu99;
				GCC_NO_COMMON_BLOCKS = YES;
				GCC_WARN_64_TO_32_BIT_CONVERSION = YES;
				GCC_WARN_ABOUT_RETURN_TYPE = YES_ERROR;
				GCC_WARN_UNDECLARED_SELECTOR = YES;
				GCC_WARN_UNINITIALIZED_AUTOS = YES_AGGRESSIVE;
				GCC_WARN_UNUSED_FUNCTION = YES;
				GCC_WARN_UNUSED_VARIABLE = YES;
				IPHONEOS_DEPLOYMENT_TARGET = 9.2;
				MTL_ENABLE_DEBUG_INFO = NO;
				SDKROOT = iphoneos;
				VALIDATE_PRODUCT = YES;
			};
			name = Release;
		};
		2C33CA471C8F16D500354481 /* Debug */ = {
			isa = XCBuildConfiguration;
			buildSettings = {
				ASSETCATALOG_COMPILER_APPICON_NAME = AppIcon;
				INFOPLIST_FILE = "Moving in Madrid/Info.plist";
				LD_RUNPATH_SEARCH_PATHS = "$(inherited) @executable_path/Frameworks";
				PRODUCT_BUNDLE_IDENTIFIER = "imanolvs.Moving-in-Madrid";
				PRODUCT_NAME = "$(TARGET_NAME)";
			};
			name = Debug;
		};
		2C33CA481C8F16D500354481 /* Release */ = {
			isa = XCBuildConfiguration;
			buildSettings = {
				ASSETCATALOG_COMPILER_APPICON_NAME = AppIcon;
				INFOPLIST_FILE = "Moving in Madrid/Info.plist";
				LD_RUNPATH_SEARCH_PATHS = "$(inherited) @executable_path/Frameworks";
				PRODUCT_BUNDLE_IDENTIFIER = "imanolvs.Moving-in-Madrid";
				PRODUCT_NAME = "$(TARGET_NAME)";
			};
			name = Release;
		};
/* End XCBuildConfiguration section */

/* Begin XCConfigurationList section */
		2C33CA2F1C8F16D500354481 /* Build configuration list for PBXProject "Moving in Madrid" */ = {
			isa = XCConfigurationList;
			buildConfigurations = (
				2C33CA441C8F16D500354481 /* Debug */,
				2C33CA451C8F16D500354481 /* Release */,
			);
			defaultConfigurationIsVisible = 0;
			defaultConfigurationName = Release;
		};
		2C33CA461C8F16D500354481 /* Build configuration list for PBXNativeTarget "Moving in Madrid" */ = {
			isa = XCConfigurationList;
			buildConfigurations = (
				2C33CA471C8F16D500354481 /* Debug */,
				2C33CA481C8F16D500354481 /* Release */,
			);
			defaultConfigurationIsVisible = 0;
		};
/* End XCConfigurationList section */
	};
	rootObject = 2C33CA2C1C8F16D500354481 /* Project object */;
}
